// !$*UTF8*$!
{
	archiveVersion = 1;
	classes = {
	};
	objectVersion = 46;
	objects = {

/* Begin PBXBuildFile section */
		BC8F37691BD615B7004154C8 /* AppDelegate.swift in Sources */ = {isa = PBXBuildFile; fileRef = BC8F37681BD615B7004154C8 /* AppDelegate.swift */; };
		BC8F376B1BD615B7004154C8 /* ViewController.swift in Sources */ = {isa = PBXBuildFile; fileRef = BC8F376A1BD615B7004154C8 /* ViewController.swift */; };
		BC8F376E1BD615B8004154C8 /* Main.storyboard in Resources */ = {isa = PBXBuildFile; fileRef = BC8F376C1BD615B8004154C8 /* Main.storyboard */; };
		BC8F37711BD615B8004154C8 /* Netbay_Free_Wifi.xcdatamodeld in Sources */ = {isa = PBXBuildFile; fileRef = BC8F376F1BD615B8004154C8 /* Netbay_Free_Wifi.xcdatamodeld */; };
		BC8F37731BD615B8004154C8 /* Assets.xcassets in Resources */ = {isa = PBXBuildFile; fileRef = BC8F37721BD615B8004154C8 /* Assets.xcassets */; };
		BC8F37761BD615B8004154C8 /* LaunchScreen.storyboard in Resources */ = {isa = PBXBuildFile; fileRef = BC8F37741BD615B8004154C8 /* LaunchScreen.storyboard */; };
		BC8F37811BD615B8004154C8 /* Netbay_Free_WifiTests.swift in Sources */ = {isa = PBXBuildFile; fileRef = BC8F37801BD615B8004154C8 /* Netbay_Free_WifiTests.swift */; };
		BC8F378C1BD615B8004154C8 /* Netbay_Free_WifiUITests.swift in Sources */ = {isa = PBXBuildFile; fileRef = BC8F378B1BD615B8004154C8 /* Netbay_Free_WifiUITests.swift */; };
/* End PBXBuildFile section */

/* Begin PBXContainerItemProxy section */
		BC8F377D1BD615B8004154C8 /* PBXContainerItemProxy */ = {
			isa = PBXContainerItemProxy;
			containerPortal = BC8F375D1BD615B7004154C8 /* Project object */;
			proxyType = 1;
			remoteGlobalIDString = BC8F37641BD615B7004154C8;
			remoteInfo = "Netbay Free Wifi";
		};
		BC8F37881BD615B8004154C8 /* PBXContainerItemProxy */ = {
			isa = PBXContainerItemProxy;
			containerPortal = BC8F375D1BD615B7004154C8 /* Project object */;
			proxyType = 1;
			remoteGlobalIDString = BC8F37641BD615B7004154C8;
			remoteInfo = "Netbay Free Wifi";
		};
/* End PBXContainerItemProxy section */

/* Begin PBXFileReference section */
		BC8F37651BD615B7004154C8 /* Netbay Free Wifi.app */ = {isa = PBXFileReference; explicitFileType = wrapper.application; includeInIndex = 0; path = "Netbay Free Wifi.app"; sourceTree = BUILT_PRODUCTS_DIR; };
		BC8F37681BD615B7004154C8 /* AppDelegate.swift */ = {isa = PBXFileReference; lastKnownFileType = sourcecode.swift; path = AppDelegate.swift; sourceTree = "<group>"; };
		BC8F376A1BD615B7004154C8 /* ViewController.swift */ = {isa = PBXFileReference; lastKnownFileType = sourcecode.swift; path = ViewController.swift; sourceTree = "<group>"; };
		BC8F376D1BD615B8004154C8 /* Base */ = {isa = PBXFileReference; lastKnownFileType = file.storyboard; name = Base; path = Base.lproj/Main.storyboard; sourceTree = "<group>"; };
		BC8F37701BD615B8004154C8 /* Netbay_Free_Wifi.xcdatamodel */ = {isa = PBXFileReference; lastKnownFileType = wrapper.xcdatamodel; path = Netbay_Free_Wifi.xcdatamodel; sourceTree = "<group>"; };
		BC8F37721BD615B8004154C8 /* Assets.xcassets */ = {isa = PBXFileReference; lastKnownFileType = folder.assetcatalog; path = Assets.xcassets; sourceTree = "<group>"; };
		BC8F37751BD615B8004154C8 /* Base */ = {isa = PBXFileReference; lastKnownFileType = file.storyboard; name = Base; path = Base.lproj/LaunchScreen.storyboard; sourceTree = "<group>"; };
		BC8F37771BD615B8004154C8 /* Info.plist */ = {isa = PBXFileReference; lastKnownFileType = text.plist.xml; path = Info.plist; sourceTree = "<group>"; };
		BC8F377C1BD615B8004154C8 /* Netbay Free WifiTests.xctest */ = {isa = PBXFileReference; explicitFileType = wrapper.cfbundle; includeInIndex = 0; path = "Netbay Free WifiTests.xctest"; sourceTree = BUILT_PRODUCTS_DIR; };
		BC8F37801BD615B8004154C8 /* Netbay_Free_WifiTests.swift */ = {isa = PBXFileReference; lastKnownFileType = sourcecode.swift; path = Netbay_Free_WifiTests.swift; sourceTree = "<group>"; };
		BC8F37821BD615B8004154C8 /* Info.plist */ = {isa = PBXFileReference; lastKnownFileType = text.plist.xml; path = Info.plist; sourceTree = "<group>"; };
		BC8F37871BD615B8004154C8 /* Netbay Free WifiUITests.xctest */ = {isa = PBXFileReference; explicitFileType = wrapper.cfbundle; includeInIndex = 0; path = "Netbay Free WifiUITests.xctest"; sourceTree = BUILT_PRODUCTS_DIR; };
		BC8F378B1BD615B8004154C8 /* Netbay_Free_WifiUITests.swift */ = {isa = PBXFileReference; lastKnownFileType = sourcecode.swift; path = Netbay_Free_WifiUITests.swift; sourceTree = "<group>"; };
		BC8F378D1BD615B8004154C8 /* Info.plist */ = {isa = PBXFileReference; lastKnownFileType = text.plist.xml; path = Info.plist; sourceTree = "<group>"; };
/* End PBXFileReference section */

/* Begin PBXFrameworksBuildPhase section */
		BC8F37621BD615B7004154C8 /* Frameworks */ = {
			isa = PBXFrameworksBuildPhase;
			buildActionMask = 2147483647;
			files = (
			);
			runOnlyForDeploymentPostprocessing = 0;
		};
		BC8F37791BD615B8004154C8 /* Frameworks */ = {
			isa = PBXFrameworksBuildPhase;
			buildActionMask = 2147483647;
			files = (
			);
			runOnlyForDeploymentPostprocessing = 0;
		};
		BC8F37841BD615B8004154C8 /* Frameworks */ = {
			isa = PBXFrameworksBuildPhase;
			buildActionMask = 2147483647;
			files = (
			);
			runOnlyForDeploymentPostprocessing = 0;
		};
/* End PBXFrameworksBuildPhase section */

/* Begin PBXGroup section */
		BC8F375C1BD615B7004154C8 = {
			isa = PBXGroup;
			children = (
				BC8F37671BD615B7004154C8 /* Netbay Free Wifi */,
				BC8F377F1BD615B8004154C8 /* Netbay Free WifiTests */,
				BC8F378A1BD615B8004154C8 /* Netbay Free WifiUITests */,
				BC8F37661BD615B7004154C8 /* Products */,
			);
			sourceTree = "<group>";
		};
		BC8F37661BD615B7004154C8 /* Products */ = {
			isa = PBXGroup;
			children = (
				BC8F37651BD615B7004154C8 /* Netbay Free Wifi.app */,
				BC8F377C1BD615B8004154C8 /* Netbay Free WifiTests.xctest */,
				BC8F37871BD615B8004154C8 /* Netbay Free WifiUITests.xctest */,
			);
			name = Products;
			sourceTree = "<group>";
		};
		BC8F37671BD615B7004154C8 /* Netbay Free Wifi */ = {
			isa = PBXGroup;
			children = (
				BC8F37681BD615B7004154C8 /* AppDelegate.swift */,
				BC8F376A1BD615B7004154C8 /* ViewController.swift */,
				BC8F376C1BD615B8004154C8 /* Main.storyboard */,
				BC8F37721BD615B8004154C8 /* Assets.xcassets */,
				BC8F37741BD615B8004154C8 /* LaunchScreen.storyboard */,
				BC8F37771BD615B8004154C8 /* Info.plist */,
				BC8F376F1BD615B8004154C8 /* Netbay_Free_Wifi.xcdatamodeld */,
			);
			path = "Netbay Free Wifi";
			sourceTree = "<group>";
		};
		BC8F377F1BD615B8004154C8 /* Netbay Free WifiTests */ = {
			isa = PBXGroup;
			children = (
				BC8F37801BD615B8004154C8 /* Netbay_Free_WifiTests.swift */,
				BC8F37821BD615B8004154C8 /* Info.plist */,
			);
			path = "Netbay Free WifiTests";
			sourceTree = "<group>";
		};
		BC8F378A1BD615B8004154C8 /* Netbay Free WifiUITests */ = {
			isa = PBXGroup;
			children = (
				BC8F378B1BD615B8004154C8 /* Netbay_Free_WifiUITests.swift */,
				BC8F378D1BD615B8004154C8 /* Info.plist */,
			);
			path = "Netbay Free WifiUITests";
			sourceTree = "<group>";
		};
/* End PBXGroup section */

/* Begin PBXNativeTarget section */
		BC8F37641BD615B7004154C8 /* Netbay Free Wifi */ = {
			isa = PBXNativeTarget;
			buildConfigurationList = BC8F37901BD615B8004154C8 /* Build configuration list for PBXNativeTarget "Netbay Free Wifi" */;
			buildPhases = (
				BC8F37611BD615B7004154C8 /* Sources */,
				BC8F37621BD615B7004154C8 /* Frameworks */,
				BC8F37631BD615B7004154C8 /* Resources */,
			);
			buildRules = (
			);
			dependencies = (
			);
			name = "Netbay Free Wifi";
			productName = "Netbay Free Wifi";
			productReference = BC8F37651BD615B7004154C8 /* Netbay Free Wifi.app */;
			productType = "com.apple.product-type.application";
		};
		BC8F377B1BD615B8004154C8 /* Netbay Free WifiTests */ = {
			isa = PBXNativeTarget;
			buildConfigurationList = BC8F37931BD615B8004154C8 /* Build configuration list for PBXNativeTarget "Netbay Free WifiTests" */;
			buildPhases = (
				BC8F37781BD615B8004154C8 /* Sources */,
				BC8F37791BD615B8004154C8 /* Frameworks */,
				BC8F377A1BD615B8004154C8 /* Resources */,
			);
			buildRules = (
			);
			dependencies = (
				BC8F377E1BD615B8004154C8 /* PBXTargetDependency */,
			);
			name = "Netbay Free WifiTests";
			productName = "Netbay Free WifiTests";
			productReference = BC8F377C1BD615B8004154C8 /* Netbay Free WifiTests.xctest */;
			productType = "com.apple.product-type.bundle.unit-test";
		};
		BC8F37861BD615B8004154C8 /* Netbay Free WifiUITests */ = {
			isa = PBXNativeTarget;
			buildConfigurationList = BC8F37961BD615B8004154C8 /* Build configuration list for PBXNativeTarget "Netbay Free WifiUITests" */;
			buildPhases = (
				BC8F37831BD615B8004154C8 /* Sources */,
				BC8F37841BD615B8004154C8 /* Frameworks */,
				BC8F37851BD615B8004154C8 /* Resources */,
			);
			buildRules = (
			);
			dependencies = (
				BC8F37891BD615B8004154C8 /* PBXTargetDependency */,
			);
			name = "Netbay Free WifiUITests";
			productName = "Netbay Free WifiUITests";
			productReference = BC8F37871BD615B8004154C8 /* Netbay Free WifiUITests.xctest */;
			productType = "com.apple.product-type.bundle.ui-testing";
		};
/* End PBXNativeTarget section */

/* Begin PBXProject section */
		BC8F375D1BD615B7004154C8 /* Project object */ = {
			isa = PBXProject;
			attributes = {
				LastUpgradeCheck = 0700;
				ORGANIZATIONNAME = "Netbay Free Wifi";
				TargetAttributes = {
					BC8F37641BD615B7004154C8 = {
						CreatedOnToolsVersion = 7.0.1;
					};
					BC8F377B1BD615B8004154C8 = {
						CreatedOnToolsVersion = 7.0.1;
						TestTargetID = BC8F37641BD615B7004154C8;
					};
					BC8F37861BD615B8004154C8 = {
						CreatedOnToolsVersion = 7.0.1;
						TestTargetID = BC8F37641BD615B7004154C8;
					};
				};
			};
			buildConfigurationList = BC8F37601BD615B7004154C8 /* Build configuration list for PBXProject "Netbay Free Wifi" */;
			compatibilityVersion = "Xcode 3.2";
			developmentRegion = English;
			hasScannedForEncodings = 0;
			knownRegions = (
				en,
				Base,
			);
			mainGroup = BC8F375C1BD615B7004154C8;
			productRefGroup = BC8F37661BD615B7004154C8 /* Products */;
			projectDirPath = "";
			projectRoot = "";
			targets = (
				BC8F37641BD615B7004154C8 /* Netbay Free Wifi */,
				BC8F377B1BD615B8004154C8 /* Netbay Free WifiTests */,
				BC8F37861BD615B8004154C8 /* Netbay Free WifiUITests */,
			);
		};
/* End PBXProject section */

/* Begin PBXResourcesBuildPhase section */
		BC8F37631BD615B7004154C8 /* Resources */ = {
			isa = PBXResourcesBuildPhase;
			buildActionMask = 2147483647;
			files = (
				BC8F37761BD615B8004154C8 /* LaunchScreen.storyboard in Resources */,
				BC8F37731BD615B8004154C8 /* Assets.xcassets in Resources */,
				BC8F376E1BD615B8004154C8 /* Main.storyboard in Resources */,
			);
			runOnlyForDeploymentPostprocessing = 0;
		};
		BC8F377A1BD615B8004154C8 /* Resources */ = {
			isa = PBXResourcesBuildPhase;
			buildActionMask = 2147483647;
			files = (
			);
			runOnlyForDeploymentPostprocessing = 0;
		};
		BC8F37851BD615B8004154C8 /* Resources */ = {
			isa = PBXResourcesBuildPhase;
			buildActionMask = 2147483647;
			files = (
			);
			runOnlyForDeploymentPostprocessing = 0;
		};
/* End PBXResourcesBuildPhase section */

/* Begin PBXSourcesBuildPhase section */
		BC8F37611BD615B7004154C8 /* Sources */ = {
			isa = PBXSourcesBuildPhase;
			buildActionMask = 2147483647;
			files = (
				BC8F376B1BD615B7004154C8 /* ViewController.swift in Sources */,
				BC8F37711BD615B8004154C8 /* Netbay_Free_Wifi.xcdatamodeld in Sources */,
				BC8F37691BD615B7004154C8 /* AppDelegate.swift in Sources */,
			);
			runOnlyForDeploymentPostprocessing = 0;
		};
		BC8F37781BD615B8004154C8 /* Sources */ = {
			isa = PBXSourcesBuildPhase;
			buildActionMask = 2147483647;
			files = (
				BC8F37811BD615B8004154C8 /* Netbay_Free_WifiTests.swift in Sources */,
			);
			runOnlyForDeploymentPostprocessing = 0;
		};
		BC8F37831BD615B8004154C8 /* Sources */ = {
			isa = PBXSourcesBuildPhase;
			buildActionMask = 2147483647;
			files = (
				BC8F378C1BD615B8004154C8 /* Netbay_Free_WifiUITests.swift in Sources */,
			);
			runOnlyForDeploymentPostprocessing = 0;
		};
/* End PBXSourcesBuildPhase section */

/* Begin PBXTargetDependency section */
		BC8F377E1BD615B8004154C8 /* PBXTargetDependency */ = {
			isa = PBXTargetDependency;
			target = BC8F37641BD615B7004154C8 /* Netbay Free Wifi */;
			targetProxy = BC8F377D1BD615B8004154C8 /* PBXContainerItemProxy */;
		};
		BC8F37891BD615B8004154C8 /* PBXTargetDependency */ = {
			isa = PBXTargetDependency;
			target = BC8F37641BD615B7004154C8 /* Netbay Free Wifi */;
			targetProxy = BC8F37881BD615B8004154C8 /* PBXContainerItemProxy */;
		};
/* End PBXTargetDependency section */

/* Begin PBXVariantGroup section */
		BC8F376C1BD615B8004154C8 /* Main.storyboard */ = {
			isa = PBXVariantGroup;
			children = (
				BC8F376D1BD615B8004154C8 /* Base */,
			);
			name = Main.storyboard;
			sourceTree = "<group>";
		};
		BC8F37741BD615B8004154C8 /* LaunchScreen.storyboard */ = {
			isa = PBXVariantGroup;
			children = (
				BC8F37751BD615B8004154C8 /* Base */,
			);
			name = LaunchScreen.storyboard;
			sourceTree = "<group>";
		};
/* End PBXVariantGroup section */

/* Begin XCBuildConfiguration section */
		BC8F378E1BD615B8004154C8 /* Debug */ = {
			isa = XCBuildConfiguration;
			buildSettings = {
				ALWAYS_SEARCH_USER_PATHS = NO;
				CLANG_CXX_LANGUAGE_STANDARD = "gnu++0x";
				CLANG_CXX_LIBRARY = "libc++";
				CLANG_ENABLE_MODULES = YES;
				CLANG_ENABLE_OBJC_ARC = YES;
				CLANG_WARN_BOOL_CONVERSION = YES;
				CLANG_WARN_CONSTANT_CONVERSION = YES;
				CLANG_WARN_DIRECT_OBJC_ISA_USAGE = YES_ERROR;
				CLANG_WARN_EMPTY_BODY = YES;
				CLANG_WARN_ENUM_CONVERSION = YES;
				CLANG_WARN_INT_CONVERSION = YES;
				CLANG_WARN_OBJC_ROOT_CLASS = YES_ERROR;
				CLANG_WARN_UNREACHABLE_CODE = YES;
				CLANG_WARN__DUPLICATE_METHOD_MATCH = YES;
				"CODE_SIGN_IDENTITY[sdk=iphoneos*]" = "iPhone Developer";
				COPY_PHASE_STRIP = NO;
				DEBUG_INFORMATION_FORMAT = dwarf;
				ENABLE_STRICT_OBJC_MSGSEND = YES;
				ENABLE_TESTABILITY = YES;
				GCC_C_LANGUAGE_STANDARD = gnu99;
				GCC_DYNAMIC_NO_PIC = NO;
				GCC_NO_COMMON_BLOCKS = YES;
				GCC_OPTIMIZATION_LEVEL = 0;
				GCC_PREPROCESSOR_DEFINITIONS = (
					"DEBUG=1",
					"$(inherited)",
				);
				GCC_WARN_64_TO_32_BIT_CONVERSION = YES;
				GCC_WARN_ABOUT_RETURN_TYPE = YES_ERROR;
				GCC_WARN_UNDECLARED_SELECTOR = YES;
				GCC_WARN_UNINITIALIZED_AUTOS = YES_AGGRESSIVE;
				GCC_WARN_UNUSED_FUNCTION = YES;
				GCC_WARN_UNUSED_VARIABLE = YES;
				IPHONEOS_DEPLOYMENT_TARGET = 9.0;
				MTL_ENABLE_DEBUG_INFO = YES;
				ONLY_ACTIVE_ARCH = YES;
				SDKROOT = iphoneos;
				SWIFT_OPTIMIZATION_LEVEL = "-Onone";
				TARGETED_DEVICE_FAMILY = "1,2";
			};
			name = Debug;
		};
		BC8F378F1BD615B8004154C8 /* Release */ = {
			isa = XCBuildConfiguration;
			buildSettings = {
				ALWAYS_SEARCH_USER_PATHS = NO;
				CLANG_CXX_LANGUAGE_STANDARD = "gnu++0x";
				CLANG_CXX_LIBRARY = "libc++";
				CLANG_ENABLE_MODULES = YES;
				CLANG_ENABLE_OBJC_ARC = YES;
				CLANG_WARN_BOOL_CONVERSION = YES;
				CLANG_WARN_CONSTANT_CONVERSION = YES;
				CLANG_WARN_DIRECT_OBJC_ISA_USAGE = YES_ERROR;
				CLANG_WARN_EMPTY_BODY = YES;
				CLANG_WARN_ENUM_CONVERSION = YES;
				CLANG_WARN_INT_CONVERSION = YES;
				CLANG_WARN_OBJC_ROOT_CLASS = YES_ERROR;
				CLANG_WARN_UNREACHABLE_CODE = YES;
				CLANG_WARN__DUPLICATE_METHOD_MATCH = YES;
				"CODE_SIGN_IDENTITY[sdk=iphoneos*]" = "iPhone Developer";
				COPY_PHASE_STRIP = NO;
				DEBUG_INFORMATION_FORMAT = "dwarf-with-dsym";
				ENABLE_NS_ASSERTIONS = NO;
				ENABLE_STRICT_OBJC_MSGSEND = YES;
				GCC_C_LANGUAGE_STANDARD = gnu99;
				GCC_NO_COMMON_BLOCKS = YES;
				GCC_WARN_64_TO_32_BIT_CONVERSION = YES;
				GCC_WARN_ABOUT_RETURN_TYPE = YES_ERROR;
				GCC_WARN_UNDECLARED_SELECTOR = YES;
				GCC_WARN_UNINITIALIZED_AUTOS = YES_AGGRESSIVE;
				GCC_WARN_UNUSED_FUNCTION = YES;
				GCC_WARN_UNUSED_VARIABLE = YES;
				IPHONEOS_DEPLOYMENT_TARGET = 9.0;
				MTL_ENABLE_DEBUG_INFO = NO;
				SDKROOT = iphoneos;
				TARGETED_DEVICE_FAMILY = "1,2";
				VALIDATE_PRODUCT = YES;
			};
			name = Release;
		};
		BC8F37911BD615B8004154C8 /* Debug */ = {
			isa = XCBuildConfiguration;
			buildSettings = {
				ASSETCATALOG_COMPILER_APPICON_NAME = AppIcon;
				INFOPLIST_FILE = "Netbay Free Wifi/Info.plist";
				LD_RUNPATH_SEARCH_PATHS = "$(inherited) @executable_path/Frameworks";
				PRODUCT_BUNDLE_IDENTIFIER = "Netbay-Free-WIfi.Netbay-Free-Wifi";
				PRODUCT_NAME = "$(TARGET_NAME)";
			};
			name = Debug;
		};
		BC8F37921BD615B8004154C8 /* Release */ = {
			isa = XCBuildConfiguration;
			buildSettings = {
				ASSETCATALOG_COMPILER_APPICON_NAME = AppIcon;
				INFOPLIST_FILE = "Netbay Free Wifi/Info.plist";
				LD_RUNPATH_SEARCH_PATHS = "$(inherited) @executable_path/Frameworks";
				PRODUCT_BUNDLE_IDENTIFIER = "Netbay-Free-WIfi.Netbay-Free-Wifi";
				PRODUCT_NAME = "$(TARGET_NAME)";
			};
			name = Release;
		};
		BC8F37941BD615B8004154C8 /* Debug */ = {
			isa = XCBuildConfiguration;
			buildSettings = {
				BUNDLE_LOADER = "$(TEST_HOST)";
				INFOPLIST_FILE = "Netbay Free WifiTests/Info.plist";
				LD_RUNPATH_SEARCH_PATHS = "$(inherited) @executable_path/Frameworks @loader_path/Frameworks";
				PRODUCT_BUNDLE_IDENTIFIER = "Netbay-Free-WIfi.Netbay-Free-WifiTests";
				PRODUCT_NAME = "$(TARGET_NAME)";
				TEST_HOST = "$(BUILT_PRODUCTS_DIR)/Netbay Free Wifi.app/Netbay Free Wifi";
			};
			name = Debug;
		};
		BC8F37951BD615B8004154C8 /* Release */ = {
			isa = XCBuildConfiguration;
			buildSettings = {
				BUNDLE_LOADER = "$(TEST_HOST)";
				INFOPLIST_FILE = "Netbay Free WifiTests/Info.plist";
				LD_RUNPATH_SEARCH_PATHS = "$(inherited) @executable_path/Frameworks @loader_path/Frameworks";
				PRODUCT_BUNDLE_IDENTIFIER = "Netbay-Free-WIfi.Netbay-Free-WifiTests";
				PRODUCT_NAME = "$(TARGET_NAME)";
				TEST_HOST = "$(BUILT_PRODUCTS_DIR)/Netbay Free Wifi.app/Netbay Free Wifi";
			};
			name = Release;
		};
		BC8F37971BD615B8004154C8 /* Debug */ = {
			isa = XCBuildConfiguration;
			buildSettings = {
				INFOPLIST_FILE = "Netbay Free WifiUITests/Info.plist";
				LD_RUNPATH_SEARCH_PATHS = "$(inherited) @executable_path/Frameworks @loader_path/Frameworks";
				PRODUCT_BUNDLE_IDENTIFIER = "Netbay-Free-WIfi.Netbay-Free-WifiUITests";
				PRODUCT_NAME = "$(TARGET_NAME)";
				TEST_TARGET_NAME = "Netbay Free Wifi";
				USES_XCTRUNNER = YES;
			};
			name = Debug;
		};
		BC8F37981BD615B8004154C8 /* Release */ = {
			isa = XCBuildConfiguration;
			buildSettings = {
				INFOPLIST_FILE = "Netbay Free WifiUITests/Info.plist";
				LD_RUNPATH_SEARCH_PATHS = "$(inherited) @executable_path/Frameworks @loader_path/Frameworks";
				PRODUCT_BUNDLE_IDENTIFIER = "Netbay-Free-WIfi.Netbay-Free-WifiUITests";
				PRODUCT_NAME = "$(TARGET_NAME)";
				TEST_TARGET_NAME = "Netbay Free Wifi";
				USES_XCTRUNNER = YES;
			};
			name = Release;
		};
/* End XCBuildConfiguration section */

/* Begin XCConfigurationList section */
		BC8F37601BD615B7004154C8 /* Build configuration list for PBXProject "Netbay Free Wifi" */ = {
			isa = XCConfigurationList;
			buildConfigurations = (
				BC8F378E1BD615B8004154C8 /* Debug */,
				BC8F378F1BD615B8004154C8 /* Release */,
			);
			defaultConfigurationIsVisible = 0;
			defaultConfigurationName = Release;
		};
		BC8F37901BD615B8004154C8 /* Build configuration list for PBXNativeTarget "Netbay Free Wifi" */ = {
			isa = XCConfigurationList;
			buildConfigurations = (
				BC8F37911BD615B8004154C8 /* Debug */,
				BC8F37921BD615B8004154C8 /* Release */,
			);
			defaultConfigurationIsVisible = 0;
		};
		BC8F37931BD615B8004154C8 /* Build configuration list for PBXNativeTarget "Netbay Free WifiTests" */ = {
			isa = XCConfigurationList;
			buildConfigurations = (
				BC8F37941BD615B8004154C8 /* Debug */,
				BC8F37951BD615B8004154C8 /* Release */,
			);
			defaultConfigurationIsVisible = 0;
		};
		BC8F37961BD615B8004154C8 /* Build configuration list for PBXNativeTarget "Netbay Free WifiUITests" */ = {
			isa = XCConfigurationList;
			buildConfigurations = (
				BC8F37971BD615B8004154C8 /* Debug */,
				BC8F37981BD615B8004154C8 /* Release */,
			);
			defaultConfigurationIsVisible = 0;
		};
/* End XCConfigurationList section */

/* Begin XCVersionGroup section */
		BC8F376F1BD615B8004154C8 /* Netbay_Free_Wifi.xcdatamodeld */ = {
			isa = XCVersionGroup;
			children = (
				BC8F37701BD615B8004154C8 /* Netbay_Free_Wifi.xcdatamodel */,
			);
			currentVersion = BC8F37701BD615B8004154C8 /* Netbay_Free_Wifi.xcdatamodel */;
			path = Netbay_Free_Wifi.xcdatamodeld;
			sourceTree = "<group>";
			versionGroupType = wrapper.xcdatamodel;
		};
/* End XCVersionGroup section */
	};
	rootObject = BC8F375D1BD615B7004154C8 /* Project object */;
}
